
Microsoft Visual Studio Solution File, Format Version 12.00
# Visual Studio 15
VisualStudioVersion = 15.0.28307.329
MinimumVisualStudioVersion = 10.0.40219.1
Project("{FAE04EC0-301F-11D3-BF4B-00C04F79EFBC}") = "ServerTestCore", "ServerTestCoreProject\ServerTestCore.csproj", "{F47C8D81-53EF-427D-8613-C7ACAA4BF781}"
EndProject
Global
	GlobalSection(SolutionConfigurationPlatforms) = preSolution
		Debug|Any CPU = Debug|Any CPU
		Release|Any CPU = Release|Any CPU
	EndGlobalSection
	GlobalSection(ProjectConfigurationPlatforms) = postSolution
		{F47C8D81-53EF-427D-8613-C7ACAA4BF781}.Debug|Any CPU.ActiveCfg = Debug|Any CPU
		{F47C8D81-53EF-427D-8613-C7ACAA4BF781}.Debug|Any CPU.Build.0 = Debug|Any CPU
		{F47C8D81-53EF-427D-8613-C7ACAA4BF781}.Release|Any CPU.ActiveCfg = Release|Any CPU
		{F47C8D81-53EF-427D-8613-C7ACAA4BF781}.Release|Any CPU.Build.0 = Release|Any CPU
	EndGlobalSection
	GlobalSection(SolutionProperties) = preSolution
		HideSolutionNode = FALSE
	EndGlobalSection
	GlobalSection(ExtensibilityGlobals) = postSolution
		SolutionGuid = {B4EE38FB-C92A-46E9-AFE4-E82D21280242}
	EndGlobalSection
EndGlobal
